
Microsoft Visual Studio Solution File, Format Version 12.00
# Visual Studio 15
VisualStudioVersion = 15.0.28010.2026
MinimumVisualStudioVersion = 10.0.40219.1
Project("{FAE04EC0-301F-11D3-BF4B-00C04F79EFBC}") = "MachineLearning", "MachineLearning\MachineLearning.csproj", "{A3F00979-71E7-4B09-A405-A837475F1F39}"
EndProject
Global
	GlobalSection(SolutionConfigurationPlatforms) = preSolution
		Debug|Any CPU = Debug|Any CPU
		Release|Any CPU = Release|Any CPU
	EndGlobalSection
	GlobalSection(ProjectConfigurationPlatforms) = postSolution
		{A3F00979-71E7-4B09-A405-A837475F1F39}.Debug|Any CPU.ActiveCfg = Debug|Any CPU
		{A3F00979-71E7-4B09-A405-A837475F1F39}.Debug|Any CPU.Build.0 = Debug|Any CPU
		{A3F00979-71E7-4B09-A405-A837475F1F39}.Release|Any CPU.ActiveCfg = Release|Any CPU
		{A3F00979-71E7-4B09-A405-A837475F1F39}.Release|Any CPU.Build.0 = Release|Any CPU
	EndGlobalSection
	GlobalSection(SolutionProperties) = preSolution
		HideSolutionNode = FALSE
	EndGlobalSection
	GlobalSection(ExtensibilityGlobals) = postSolution
		SolutionGuid = {8C9868BB-CC40-4DDB-B85D-5C5EBC4FC8A2}
	EndGlobalSection
EndGlobal
